// !$*UTF8*$!
{
	archiveVersion = 1;
	classes = {
	};
	objectVersion = 56;
	objects = {

/* Begin PBXBuildFile section */
		465C43A32BDF3E82002EFB48 /* ParamDetail.swift in Sources */ = {isa = PBXBuildFile; fileRef = 465C43A22BDF3E82002EFB48 /* ParamDetail.swift */; };
		465C43A52BDF3F02002EFB48 /* ResponseDetail.swift in Sources */ = {isa = PBXBuildFile; fileRef = 465C43A42BDF3F02002EFB48 /* ResponseDetail.swift */; };
		467EB18A2BDBA91F00828795 /* DetailContent.swift in Sources */ = {isa = PBXBuildFile; fileRef = 467EB1892BDBA91F00828795 /* DetailContent.swift */; };
		467EB18C2BDBAF7A00828795 /* HeaderDetail.swift in Sources */ = {isa = PBXBuildFile; fileRef = 467EB18B2BDBAF7A00828795 /* HeaderDetail.swift */; };
		467EB18F2BDBB07B00828795 /* Color.swift in Sources */ = {isa = PBXBuildFile; fileRef = 467EB18E2BDBB07B00828795 /* Color.swift */; };
		467EB1912BDBB41700828795 /* DetailTitle.swift in Sources */ = {isa = PBXBuildFile; fileRef = 467EB1902BDBB41700828795 /* DetailTitle.swift */; };
		468220EF2C3A3D4600CE5B84 /* NetworkExtension.framework in Frameworks */ = {isa = PBXBuildFile; fileRef = 468220EE2C3A3D4600CE5B84 /* NetworkExtension.framework */; };
		468220F22C3A3D4600CE5B84 /* PacketTunnelProvider.swift in Sources */ = {isa = PBXBuildFile; fileRef = 468220F12C3A3D4600CE5B84 /* PacketTunnelProvider.swift */; };
		468220F72C3A3D4600CE5B84 /* PacketTunnel.appex in Embed Foundation Extensions */ = {isa = PBXBuildFile; fileRef = 468220ED2C3A3D4500CE5B84 /* PacketTunnel.appex */; settings = {ATTRIBUTES = (RemoveHeadersOnCopy, ); }; };
		469AD5962BC7BFBF007C43C6 /* HomePage.swift in Sources */ = {isa = PBXBuildFile; fileRef = 469AD5952BC7BFBF007C43C6 /* HomePage.swift */; };
		469AD5992BC7C370007C43C6 /* HistoryPage.swift in Sources */ = {isa = PBXBuildFile; fileRef = 469AD5982BC7C370007C43C6 /* HistoryPage.swift */; };
		469AD59B2BC7E111007C43C6 /* ItemListPage.swift in Sources */ = {isa = PBXBuildFile; fileRef = 469AD59A2BC7E111007C43C6 /* ItemListPage.swift */; };
		469AD59D2BC90EC8007C43C6 /* ItemDetailPage.swift in Sources */ = {isa = PBXBuildFile; fileRef = 469AD59C2BC90EC8007C43C6 /* ItemDetailPage.swift */; };
		46ABADBE2BC5827A00EF3295 /* debuggerApp.swift in Sources */ = {isa = PBXBuildFile; fileRef = 46ABADBD2BC5827A00EF3295 /* debuggerApp.swift */; };
		46ABADC02BC5827A00EF3295 /* ContentView.swift in Sources */ = {isa = PBXBuildFile; fileRef = 46ABADBF2BC5827A00EF3295 /* ContentView.swift */; };
		46ABADC22BC5827A00EF3295 /* Item.swift in Sources */ = {isa = PBXBuildFile; fileRef = 46ABADC12BC5827A00EF3295 /* Item.swift */; };
		46ABADC42BC5827B00EF3295 /* Assets.xcassets in Resources */ = {isa = PBXBuildFile; fileRef = 46ABADC32BC5827B00EF3295 /* Assets.xcassets */; };
		46ABADC82BC5827B00EF3295 /* Preview Assets.xcassets in Resources */ = {isa = PBXBuildFile; fileRef = 46ABADC72BC5827B00EF3295 /* Preview Assets.xcassets */; };
		46D31B7B2C421E3A00293C3A /* ProxyService.h in Headers */ = {isa = PBXBuildFile; fileRef = 46D31B7A2C421E3A00293C3A /* ProxyService.h */; settings = {ATTRIBUTES = (Public, ); }; };
		46D31B7E2C421E3A00293C3A /* ProxyService.framework in Frameworks */ = {isa = PBXBuildFile; fileRef = 46D31B782C421E3A00293C3A /* ProxyService.framework */; };
		46D31B7F2C421E3A00293C3A /* ProxyService.framework in Embed Frameworks */ = {isa = PBXBuildFile; fileRef = 46D31B782C421E3A00293C3A /* ProxyService.framework */; settings = {ATTRIBUTES = (CodeSignOnCopy, RemoveHeadersOnCopy, ); }; };
		46D31B842C421E4900293C3A /* CheckCert.swift in Sources */ = {isa = PBXBuildFile; fileRef = 46FC2E7E2C39411E00FD33B2 /* CheckCert.swift */; };
		46D31B852C421E4900293C3A /* ProxyService.swift in Sources */ = {isa = PBXBuildFile; fileRef = 46FC2E3D2C393FA400FD33B2 /* ProxyService.swift */; };
		46D31B862C421E4900293C3A /* LocalService.swift in Sources */ = {isa = PBXBuildFile; fileRef = 46FC2E7D2C39411E00FD33B2 /* LocalService.swift */; };
		46D31B882C421E6800293C3A /* NIO in Frameworks */ = {isa = PBXBuildFile; productRef = 46D31B872C421E6800293C3A /* NIO */; };
		46D31B8A2C421E6800293C3A /* NIOCore in Frameworks */ = {isa = PBXBuildFile; productRef = 46D31B892C421E6800293C3A /* NIOCore */; };
		46D31B8C2C421E6800293C3A /* NIOEmbedded in Frameworks */ = {isa = PBXBuildFile; productRef = 46D31B8B2C421E6800293C3A /* NIOEmbedded */; };
		46D31B8E2C421E6800293C3A /* NIOFoundationCompat in Frameworks */ = {isa = PBXBuildFile; productRef = 46D31B8D2C421E6800293C3A /* NIOFoundationCompat */; };
		46D31B902C421E6800293C3A /* NIOHTTP1 in Frameworks */ = {isa = PBXBuildFile; productRef = 46D31B8F2C421E6800293C3A /* NIOHTTP1 */; };
		46D31B922C421E6800293C3A /* NIOWebSocket in Frameworks */ = {isa = PBXBuildFile; productRef = 46D31B912C421E6800293C3A /* NIOWebSocket */; };
		46D31B942C421E6800293C3A /* NIOSSL in Frameworks */ = {isa = PBXBuildFile; productRef = 46D31B932C421E6800293C3A /* NIOSSL */; };
		46D31B962C421E6800293C3A /* SwiftyJSON in Frameworks */ = {isa = PBXBuildFile; productRef = 46D31B952C421E6800293C3A /* SwiftyJSON */; };
		46D31B982C421E6800293C3A /* Reachability in Frameworks */ = {isa = PBXBuildFile; productRef = 46D31B972C421E6800293C3A /* Reachability */; };
		46D31B992C421E8000293C3A /* ProxyRequest.swift in Sources */ = {isa = PBXBuildFile; fileRef = 46FC2E702C3940F900FD33B2 /* ProxyRequest.swift */; };
		46D31B9A2C421E8300293C3A /* ProxyContext.swift in Sources */ = {isa = PBXBuildFile; fileRef = 46FC2E6E2C3940F900FD33B2 /* ProxyContext.swift */; };
		46D31B9B2C421E8500293C3A /* NetworkInfo.swift in Sources */ = {isa = PBXBuildFile; fileRef = 46FC2E712C3940F900FD33B2 /* NetworkInfo.swift */; };
		46D31B9C2C421E8800293C3A /* JSONSerializer.swift in Sources */ = {isa = PBXBuildFile; fileRef = 46FC2E6D2C3940F900FD33B2 /* JSONSerializer.swift */; };
		46D31B9D2C421E8B00293C3A /* CertUtils.swift in Sources */ = {isa = PBXBuildFile; fileRef = 46FC2E6F2C3940F900FD33B2 /* CertUtils.swift */; };
		46D31B9E2C421E8F00293C3A /* TunnelProxyHandler.swift in Sources */ = {isa = PBXBuildFile; fileRef = 46FC2E602C3940F100FD33B2 /* TunnelProxyHandler.swift */; };
		46D31B9F2C421E9100293C3A /* SSLHandler.swift in Sources */ = {isa = PBXBuildFile; fileRef = 46FC2E652C3940F100FD33B2 /* SSLHandler.swift */; };
		46D31BA02C421E9400293C3A /* HTTPSHandler.swift in Sources */ = {isa = PBXBuildFile; fileRef = 46FC2E612C3940F100FD33B2 /* HTTPSHandler.swift */; };
		46D31BA12C421E9700293C3A /* HTTPServerHandler.swift in Sources */ = {isa = PBXBuildFile; fileRef = 46FC2E5F2C3940F000FD33B2 /* HTTPServerHandler.swift */; };
		46D31BA22C421E9900293C3A /* HTTPHandler.swift in Sources */ = {isa = PBXBuildFile; fileRef = 46FC2E642C3940F100FD33B2 /* HTTPHandler.swift */; };
		46D31BA32C421E9C00293C3A /* ExchangeHandler.swift in Sources */ = {isa = PBXBuildFile; fileRef = 46FC2E632C3940F100FD33B2 /* ExchangeHandler.swift */; };
		46D31BA42C421E9F00293C3A /* ChannelWatchHandler.swift in Sources */ = {isa = PBXBuildFile; fileRef = 46FC2E622C3940F100FD33B2 /* ChannelWatchHandler.swift */; };
		46D31BA52C421EA200293C3A /* Data+Compression.swift in Sources */ = {isa = PBXBuildFile; fileRef = 46FC2E592C3940E500FD33B2 /* Data+Compression.swift */; };
		46D31BA62C421EA500293C3A /* Data+Gzip.swift in Sources */ = {isa = PBXBuildFile; fileRef = 46FC2E582C3940E500FD33B2 /* Data+Gzip.swift */; };
		46D31BA72C421EA700293C3A /* Date+Extension.swift in Sources */ = {isa = PBXBuildFile; fileRef = 46FC2E572C3940E500FD33B2 /* Date+Extension.swift */; };
		46D31BA82C421EAA00293C3A /* Dictionary+Json.swift in Sources */ = {isa = PBXBuildFile; fileRef = 46FC2E562C3940E500FD33B2 /* Dictionary+Json.swift */; };
		46D31BA92C421EAC00293C3A /* String+Extension.swift in Sources */ = {isa = PBXBuildFile; fileRef = 46FC2E552C3940E500FD33B2 /* String+Extension.swift */; };
		46D31BAA2C421EB000293C3A /* HTTPMatcher.swift in Sources */ = {isa = PBXBuildFile; fileRef = 46FC2E502C3940D800FD33B2 /* HTTPMatcher.swift */; };
		46D31BAB2C421EB300293C3A /* HTTPSMatcher.swift in Sources */ = {isa = PBXBuildFile; fileRef = 46FC2E4F2C3940D800FD33B2 /* HTTPSMatcher.swift */; };
		46D31BAC2C421EB600293C3A /* Matcher.swift in Sources */ = {isa = PBXBuildFile; fileRef = 46FC2E4E2C3940D800FD33B2 /* Matcher.swift */; };
		46D31BAD2C421EB900293C3A /* ProtocolDetector.swift in Sources */ = {isa = PBXBuildFile; fileRef = 46FC2E4D2C3940D700FD33B2 /* ProtocolDetector.swift */; };
		46D31BAE2C421EE500293C3A /* Task.swift in Sources */ = {isa = PBXBuildFile; fileRef = 46FC2E782C39410100FD33B2 /* Task.swift */; };
		46D31BAF2C421EE800293C3A /* TaskRule.swift in Sources */ = {isa = PBXBuildFile; fileRef = 46FC2E792C39410100FD33B2 /* TaskRule.swift */; };
		46D31BB02C421EEB00293C3A /* Session.swift in Sources */ = {isa = PBXBuildFile; fileRef = 46FC2E772C39410100FD33B2 /* Session.swift */; };
/* End PBXBuildFile section */

/* Begin PBXContainerItemProxy section */
		468220F52C3A3D4600CE5B84 /* PBXContainerItemProxy */ = {
			isa = PBXContainerItemProxy;
			containerPortal = 46ABADB22BC5827A00EF3295 /* Project object */;
			proxyType = 1;
			remoteGlobalIDString = 468220EC2C3A3D4500CE5B84;
			remoteInfo = PacketTunnel;
		};
		46D31B7C2C421E3A00293C3A /* PBXContainerItemProxy */ = {
			isa = PBXContainerItemProxy;
			containerPortal = 46ABADB22BC5827A00EF3295 /* Project object */;
			proxyType = 1;
			remoteGlobalIDString = 46D31B772C421E3A00293C3A;
			remoteInfo = ProxyService;
		};
/* End PBXContainerItemProxy section */

/* Begin PBXCopyFilesBuildPhase section */
		468220F82C3A3D4600CE5B84 /* Embed Foundation Extensions */ = {
			isa = PBXCopyFilesBuildPhase;
			buildActionMask = 2147483647;
			dstPath = "";
			dstSubfolderSpec = 13;
			files = (
				468220F72C3A3D4600CE5B84 /* PacketTunnel.appex in Embed Foundation Extensions */,
			);
			name = "Embed Foundation Extensions";
			runOnlyForDeploymentPostprocessing = 0;
		};
		46D31B832C421E3A00293C3A /* Embed Frameworks */ = {
			isa = PBXCopyFilesBuildPhase;
			buildActionMask = 2147483647;
			dstPath = "";
			dstSubfolderSpec = 10;
			files = (
				46D31B7F2C421E3A00293C3A /* ProxyService.framework in Embed Frameworks */,
			);
			name = "Embed Frameworks";
			runOnlyForDeploymentPostprocessing = 0;
		};
		46FC2E442C393FA400FD33B2 /* Embed ExtensionKit Extensions */ = {
			isa = PBXCopyFilesBuildPhase;
			buildActionMask = 2147483647;
			dstPath = "$(EXTENSIONS_FOLDER_PATH)";
			dstSubfolderSpec = 16;
			files = (
			);
			name = "Embed ExtensionKit Extensions";
			runOnlyForDeploymentPostprocessing = 0;
		};
/* End PBXCopyFilesBuildPhase section */

/* Begin PBXFileReference section */
		465C43A22BDF3E82002EFB48 /* ParamDetail.swift */ = {isa = PBXFileReference; lastKnownFileType = sourcecode.swift; path = ParamDetail.swift; sourceTree = "<group>"; };
		465C43A42BDF3F02002EFB48 /* ResponseDetail.swift */ = {isa = PBXFileReference; lastKnownFileType = sourcecode.swift; path = ResponseDetail.swift; sourceTree = "<group>"; };
		467EB1892BDBA91F00828795 /* DetailContent.swift */ = {isa = PBXFileReference; lastKnownFileType = sourcecode.swift; path = DetailContent.swift; sourceTree = "<group>"; };
		467EB18B2BDBAF7A00828795 /* HeaderDetail.swift */ = {isa = PBXFileReference; lastKnownFileType = sourcecode.swift; path = HeaderDetail.swift; sourceTree = "<group>"; };
		467EB18E2BDBB07B00828795 /* Color.swift */ = {isa = PBXFileReference; lastKnownFileType = sourcecode.swift; path = Color.swift; sourceTree = "<group>"; };
		467EB1902BDBB41700828795 /* DetailTitle.swift */ = {isa = PBXFileReference; lastKnownFileType = sourcecode.swift; path = DetailTitle.swift; sourceTree = "<group>"; };
		468220ED2C3A3D4500CE5B84 /* PacketTunnel.appex */ = {isa = PBXFileReference; explicitFileType = "wrapper.app-extension"; includeInIndex = 0; path = PacketTunnel.appex; sourceTree = BUILT_PRODUCTS_DIR; };
		468220EE2C3A3D4600CE5B84 /* NetworkExtension.framework */ = {isa = PBXFileReference; lastKnownFileType = wrapper.framework; name = NetworkExtension.framework; path = System/Library/Frameworks/NetworkExtension.framework; sourceTree = SDKROOT; };
		468220F12C3A3D4600CE5B84 /* PacketTunnelProvider.swift */ = {isa = PBXFileReference; lastKnownFileType = sourcecode.swift; path = PacketTunnelProvider.swift; sourceTree = "<group>"; };
		468220F32C3A3D4600CE5B84 /* Info.plist */ = {isa = PBXFileReference; lastKnownFileType = text.plist.xml; path = Info.plist; sourceTree = "<group>"; };
		468220F42C3A3D4600CE5B84 /* PacketTunnel.entitlements */ = {isa = PBXFileReference; lastKnownFileType = text.plist.entitlements; path = PacketTunnel.entitlements; sourceTree = "<group>"; };
		469AD5952BC7BFBF007C43C6 /* HomePage.swift */ = {isa = PBXFileReference; lastKnownFileType = sourcecode.swift; path = HomePage.swift; sourceTree = "<group>"; };
		469AD5982BC7C370007C43C6 /* HistoryPage.swift */ = {isa = PBXFileReference; lastKnownFileType = sourcecode.swift; path = HistoryPage.swift; sourceTree = "<group>"; };
		469AD59A2BC7E111007C43C6 /* ItemListPage.swift */ = {isa = PBXFileReference; lastKnownFileType = sourcecode.swift; path = ItemListPage.swift; sourceTree = "<group>"; };
		469AD59C2BC90EC8007C43C6 /* ItemDetailPage.swift */ = {isa = PBXFileReference; lastKnownFileType = sourcecode.swift; path = ItemDetailPage.swift; sourceTree = "<group>"; };
		46ABADBA2BC5827A00EF3295 /* debugger.app */ = {isa = PBXFileReference; explicitFileType = wrapper.application; includeInIndex = 0; path = debugger.app; sourceTree = BUILT_PRODUCTS_DIR; };
		46ABADBD2BC5827A00EF3295 /* debuggerApp.swift */ = {isa = PBXFileReference; lastKnownFileType = sourcecode.swift; path = debuggerApp.swift; sourceTree = "<group>"; };
		46ABADBF2BC5827A00EF3295 /* ContentView.swift */ = {isa = PBXFileReference; lastKnownFileType = sourcecode.swift; path = ContentView.swift; sourceTree = "<group>"; };
		46ABADC12BC5827A00EF3295 /* Item.swift */ = {isa = PBXFileReference; lastKnownFileType = sourcecode.swift; path = Item.swift; sourceTree = "<group>"; };
		46ABADC32BC5827B00EF3295 /* Assets.xcassets */ = {isa = PBXFileReference; lastKnownFileType = folder.assetcatalog; path = Assets.xcassets; sourceTree = "<group>"; };
		46ABADC52BC5827B00EF3295 /* debugger.entitlements */ = {isa = PBXFileReference; lastKnownFileType = text.plist.entitlements; path = debugger.entitlements; sourceTree = "<group>"; };
		46ABADC72BC5827B00EF3295 /* Preview Assets.xcassets */ = {isa = PBXFileReference; lastKnownFileType = folder.assetcatalog; path = "Preview Assets.xcassets"; sourceTree = "<group>"; };
		46D31B782C421E3A00293C3A /* ProxyService.framework */ = {isa = PBXFileReference; explicitFileType = wrapper.framework; includeInIndex = 0; path = ProxyService.framework; sourceTree = BUILT_PRODUCTS_DIR; };
		46D31B7A2C421E3A00293C3A /* ProxyService.h */ = {isa = PBXFileReference; lastKnownFileType = sourcecode.c.h; path = ProxyService.h; sourceTree = "<group>"; };
		46FC2E3D2C393FA400FD33B2 /* ProxyService.swift */ = {isa = PBXFileReference; lastKnownFileType = sourcecode.swift; path = ProxyService.swift; sourceTree = "<group>"; };
		46FC2E4D2C3940D700FD33B2 /* ProtocolDetector.swift */ = {isa = PBXFileReference; fileEncoding = 4; lastKnownFileType = sourcecode.swift; path = ProtocolDetector.swift; sourceTree = "<group>"; };
		46FC2E4E2C3940D800FD33B2 /* Matcher.swift */ = {isa = PBXFileReference; fileEncoding = 4; lastKnownFileType = sourcecode.swift; path = Matcher.swift; sourceTree = "<group>"; };
		46FC2E4F2C3940D800FD33B2 /* HTTPSMatcher.swift */ = {isa = PBXFileReference; fileEncoding = 4; lastKnownFileType = sourcecode.swift; path = HTTPSMatcher.swift; sourceTree = "<group>"; };
		46FC2E502C3940D800FD33B2 /* HTTPMatcher.swift */ = {isa = PBXFileReference; fileEncoding = 4; lastKnownFileType = sourcecode.swift; path = HTTPMatcher.swift; sourceTree = "<group>"; };
		46FC2E552C3940E500FD33B2 /* String+Extension.swift */ = {isa = PBXFileReference; fileEncoding = 4; lastKnownFileType = sourcecode.swift; path = "String+Extension.swift"; sourceTree = "<group>"; };
		46FC2E562C3940E500FD33B2 /* Dictionary+Json.swift */ = {isa = PBXFileReference; fileEncoding = 4; lastKnownFileType = sourcecode.swift; path = "Dictionary+Json.swift"; sourceTree = "<group>"; };
		46FC2E572C3940E500FD33B2 /* Date+Extension.swift */ = {isa = PBXFileReference; fileEncoding = 4; lastKnownFileType = sourcecode.swift; path = "Date+Extension.swift"; sourceTree = "<group>"; };
		46FC2E582C3940E500FD33B2 /* Data+Gzip.swift */ = {isa = PBXFileReference; fileEncoding = 4; lastKnownFileType = sourcecode.swift; path = "Data+Gzip.swift"; sourceTree = "<group>"; };
		46FC2E592C3940E500FD33B2 /* Data+Compression.swift */ = {isa = PBXFileReference; fileEncoding = 4; lastKnownFileType = sourcecode.swift; path = "Data+Compression.swift"; sourceTree = "<group>"; };
		46FC2E5F2C3940F000FD33B2 /* HTTPServerHandler.swift */ = {isa = PBXFileReference; fileEncoding = 4; lastKnownFileType = sourcecode.swift; path = HTTPServerHandler.swift; sourceTree = "<group>"; };
		46FC2E602C3940F100FD33B2 /* TunnelProxyHandler.swift */ = {isa = PBXFileReference; fileEncoding = 4; lastKnownFileType = sourcecode.swift; path = TunnelProxyHandler.swift; sourceTree = "<group>"; };
		46FC2E612C3940F100FD33B2 /* HTTPSHandler.swift */ = {isa = PBXFileReference; fileEncoding = 4; lastKnownFileType = sourcecode.swift; path = HTTPSHandler.swift; sourceTree = "<group>"; };
		46FC2E622C3940F100FD33B2 /* ChannelWatchHandler.swift */ = {isa = PBXFileReference; fileEncoding = 4; lastKnownFileType = sourcecode.swift; path = ChannelWatchHandler.swift; sourceTree = "<group>"; };
		46FC2E632C3940F100FD33B2 /* ExchangeHandler.swift */ = {isa = PBXFileReference; fileEncoding = 4; lastKnownFileType = sourcecode.swift; path = ExchangeHandler.swift; sourceTree = "<group>"; };
		46FC2E642C3940F100FD33B2 /* HTTPHandler.swift */ = {isa = PBXFileReference; fileEncoding = 4; lastKnownFileType = sourcecode.swift; path = HTTPHandler.swift; sourceTree = "<group>"; };
		46FC2E652C3940F100FD33B2 /* SSLHandler.swift */ = {isa = PBXFileReference; fileEncoding = 4; lastKnownFileType = sourcecode.swift; path = SSLHandler.swift; sourceTree = "<group>"; };
		46FC2E6D2C3940F900FD33B2 /* JSONSerializer.swift */ = {isa = PBXFileReference; fileEncoding = 4; lastKnownFileType = sourcecode.swift; path = JSONSerializer.swift; sourceTree = "<group>"; };
		46FC2E6E2C3940F900FD33B2 /* ProxyContext.swift */ = {isa = PBXFileReference; fileEncoding = 4; lastKnownFileType = sourcecode.swift; path = ProxyContext.swift; sourceTree = "<group>"; };
		46FC2E6F2C3940F900FD33B2 /* CertUtils.swift */ = {isa = PBXFileReference; fileEncoding = 4; lastKnownFileType = sourcecode.swift; path = CertUtils.swift; sourceTree = "<group>"; };
		46FC2E702C3940F900FD33B2 /* ProxyRequest.swift */ = {isa = PBXFileReference; fileEncoding = 4; lastKnownFileType = sourcecode.swift; path = ProxyRequest.swift; sourceTree = "<group>"; };
		46FC2E712C3940F900FD33B2 /* NetworkInfo.swift */ = {isa = PBXFileReference; fileEncoding = 4; lastKnownFileType = sourcecode.swift; path = NetworkInfo.swift; sourceTree = "<group>"; };
		46FC2E772C39410100FD33B2 /* Session.swift */ = {isa = PBXFileReference; fileEncoding = 4; lastKnownFileType = sourcecode.swift; path = Session.swift; sourceTree = "<group>"; };
		46FC2E782C39410100FD33B2 /* Task.swift */ = {isa = PBXFileReference; fileEncoding = 4; lastKnownFileType = sourcecode.swift; path = Task.swift; sourceTree = "<group>"; };
		46FC2E792C39410100FD33B2 /* TaskRule.swift */ = {isa = PBXFileReference; fileEncoding = 4; lastKnownFileType = sourcecode.swift; path = TaskRule.swift; sourceTree = "<group>"; };
		46FC2E7D2C39411E00FD33B2 /* LocalService.swift */ = {isa = PBXFileReference; fileEncoding = 4; lastKnownFileType = sourcecode.swift; path = LocalService.swift; sourceTree = "<group>"; };
		46FC2E7E2C39411E00FD33B2 /* CheckCert.swift */ = {isa = PBXFileReference; fileEncoding = 4; lastKnownFileType = sourcecode.swift; path = CheckCert.swift; sourceTree = "<group>"; };
/* End PBXFileReference section */

/* Begin PBXFrameworksBuildPhase section */
		468220EA2C3A3D4500CE5B84 /* Frameworks */ = {
			isa = PBXFrameworksBuildPhase;
			buildActionMask = 2147483647;
			files = (
				468220EF2C3A3D4600CE5B84 /* NetworkExtension.framework in Frameworks */,
			);
			runOnlyForDeploymentPostprocessing = 0;
		};
		46ABADB72BC5827A00EF3295 /* Frameworks */ = {
			isa = PBXFrameworksBuildPhase;
			buildActionMask = 2147483647;
			files = (
				46D31B7E2C421E3A00293C3A /* ProxyService.framework in Frameworks */,
			);
			runOnlyForDeploymentPostprocessing = 0;
		};
		46D31B752C421E3A00293C3A /* Frameworks */ = {
			isa = PBXFrameworksBuildPhase;
			buildActionMask = 2147483647;
			files = (
				46D31B8E2C421E6800293C3A /* NIOFoundationCompat in Frameworks */,
				46D31B8C2C421E6800293C3A /* NIOEmbedded in Frameworks */,
				46D31B962C421E6800293C3A /* SwiftyJSON in Frameworks */,
				46D31B8A2C421E6800293C3A /* NIOCore in Frameworks */,
				46D31B982C421E6800293C3A /* Reachability in Frameworks */,
				46D31B942C421E6800293C3A /* NIOSSL in Frameworks */,
				46D31B902C421E6800293C3A /* NIOHTTP1 in Frameworks */,
				46D31B882C421E6800293C3A /* NIO in Frameworks */,
				46D31B922C421E6800293C3A /* NIOWebSocket in Frameworks */,
			);
			runOnlyForDeploymentPostprocessing = 0;
		};
/* End PBXFrameworksBuildPhase section */

/* Begin PBXGroup section */
		467EB1882BDBA25900828795 /* DetailPage */ = {
			isa = PBXGroup;
			children = (
				467EB1892BDBA91F00828795 /* DetailContent.swift */,
				467EB18B2BDBAF7A00828795 /* HeaderDetail.swift */,
				467EB1902BDBB41700828795 /* DetailTitle.swift */,
				465C43A22BDF3E82002EFB48 /* ParamDetail.swift */,
				465C43A42BDF3F02002EFB48 /* ResponseDetail.swift */,
			);
			path = DetailPage;
			sourceTree = "<group>";
		};
		467EB18D2BDBB06400828795 /* Extension */ = {
			isa = PBXGroup;
			children = (
				467EB18E2BDBB07B00828795 /* Color.swift */,
			);
			path = Extension;
			sourceTree = "<group>";
		};
		468220F02C3A3D4600CE5B84 /* PacketTunnel */ = {
			isa = PBXGroup;
			children = (
				468220F12C3A3D4600CE5B84 /* PacketTunnelProvider.swift */,
				468220F32C3A3D4600CE5B84 /* Info.plist */,
				468220F42C3A3D4600CE5B84 /* PacketTunnel.entitlements */,
			);
			path = PacketTunnel;
			sourceTree = "<group>";
		};
		469AD5972BC7C355007C43C6 /* Pages */ = {
			isa = PBXGroup;
			children = (
				467EB1882BDBA25900828795 /* DetailPage */,
				469AD5952BC7BFBF007C43C6 /* HomePage.swift */,
				469AD5982BC7C370007C43C6 /* HistoryPage.swift */,
				469AD59A2BC7E111007C43C6 /* ItemListPage.swift */,
				469AD59C2BC90EC8007C43C6 /* ItemDetailPage.swift */,
			);
			path = Pages;
			sourceTree = "<group>";
		};
		46ABADB12BC5827A00EF3295 = {
			isa = PBXGroup;
			children = (
				46ABADBC2BC5827A00EF3295 /* debugger */,
				468220F02C3A3D4600CE5B84 /* PacketTunnel */,
				46D31B792C421E3A00293C3A /* ProxyService */,
				46ABADBB2BC5827A00EF3295 /* Products */,
				46FC2E8D2C394B2C00FD33B2 /* Frameworks */,
			);
			sourceTree = "<group>";
		};
		46ABADBB2BC5827A00EF3295 /* Products */ = {
			isa = PBXGroup;
			children = (
				46ABADBA2BC5827A00EF3295 /* debugger.app */,
				468220ED2C3A3D4500CE5B84 /* PacketTunnel.appex */,
				46D31B782C421E3A00293C3A /* ProxyService.framework */,
			);
			name = Products;
			sourceTree = "<group>";
		};
		46ABADBC2BC5827A00EF3295 /* debugger */ = {
			isa = PBXGroup;
			children = (
				467EB18D2BDBB06400828795 /* Extension */,
				469AD5972BC7C355007C43C6 /* Pages */,
				46ABADBD2BC5827A00EF3295 /* debuggerApp.swift */,
				46ABADBF2BC5827A00EF3295 /* ContentView.swift */,
				46ABADC12BC5827A00EF3295 /* Item.swift */,
				46ABADC32BC5827B00EF3295 /* Assets.xcassets */,
				46ABADC52BC5827B00EF3295 /* debugger.entitlements */,
				46ABADC62BC5827B00EF3295 /* Preview Content */,
			);
			path = debugger;
			sourceTree = "<group>";
		};
		46ABADC62BC5827B00EF3295 /* Preview Content */ = {
			isa = PBXGroup;
			children = (
				46ABADC72BC5827B00EF3295 /* Preview Assets.xcassets */,
			);
			path = "Preview Content";
			sourceTree = "<group>";
		};
		46D31B792C421E3A00293C3A /* ProxyService */ = {
			isa = PBXGroup;
			children = (
				46FC2E4C2C3940C200FD33B2 /* Detector */,
				46FC2E4B2C3940B500FD33B2 /* Extension */,
				46FC2E4A2C3940AF00FD33B2 /* Handler */,
				46FC2E492C3940AA00FD33B2 /* Utils */,
				46FC2E482C3940A400FD33B2 /* Model */,
				46FC2E3D2C393FA400FD33B2 /* ProxyService.swift */,
				46FC2E7E2C39411E00FD33B2 /* CheckCert.swift */,
				46FC2E7D2C39411E00FD33B2 /* LocalService.swift */,
				46D31B7A2C421E3A00293C3A /* ProxyService.h */,
			);
			path = ProxyService;
			sourceTree = "<group>";
		};
		46FC2E482C3940A400FD33B2 /* Model */ = {
			isa = PBXGroup;
			children = (
				46FC2E772C39410100FD33B2 /* Session.swift */,
				46FC2E782C39410100FD33B2 /* Task.swift */,
				46FC2E792C39410100FD33B2 /* TaskRule.swift */,
			);
			path = Model;
			sourceTree = "<group>";
		};
		46FC2E492C3940AA00FD33B2 /* Utils */ = {
			isa = PBXGroup;
			children = (
				46FC2E6F2C3940F900FD33B2 /* CertUtils.swift */,
				46FC2E6D2C3940F900FD33B2 /* JSONSerializer.swift */,
				46FC2E712C3940F900FD33B2 /* NetworkInfo.swift */,
				46FC2E6E2C3940F900FD33B2 /* ProxyContext.swift */,
				46FC2E702C3940F900FD33B2 /* ProxyRequest.swift */,
			);
			path = Utils;
			sourceTree = "<group>";
		};
		46FC2E4A2C3940AF00FD33B2 /* Handler */ = {
			isa = PBXGroup;
			children = (
				46FC2E622C3940F100FD33B2 /* ChannelWatchHandler.swift */,
				46FC2E632C3940F100FD33B2 /* ExchangeHandler.swift */,
				46FC2E642C3940F100FD33B2 /* HTTPHandler.swift */,
				46FC2E5F2C3940F000FD33B2 /* HTTPServerHandler.swift */,
				46FC2E612C3940F100FD33B2 /* HTTPSHandler.swift */,
				46FC2E652C3940F100FD33B2 /* SSLHandler.swift */,
				46FC2E602C3940F100FD33B2 /* TunnelProxyHandler.swift */,
			);
			path = Handler;
			sourceTree = "<group>";
		};
		46FC2E4B2C3940B500FD33B2 /* Extension */ = {
			isa = PBXGroup;
			children = (
				46FC2E592C3940E500FD33B2 /* Data+Compression.swift */,
				46FC2E582C3940E500FD33B2 /* Data+Gzip.swift */,
				46FC2E572C3940E500FD33B2 /* Date+Extension.swift */,
				46FC2E562C3940E500FD33B2 /* Dictionary+Json.swift */,
				46FC2E552C3940E500FD33B2 /* String+Extension.swift */,
			);
			path = Extension;
			sourceTree = "<group>";
		};
		46FC2E4C2C3940C200FD33B2 /* Detector */ = {
			isa = PBXGroup;
			children = (
				46FC2E502C3940D800FD33B2 /* HTTPMatcher.swift */,
				46FC2E4F2C3940D800FD33B2 /* HTTPSMatcher.swift */,
				46FC2E4E2C3940D800FD33B2 /* Matcher.swift */,
				46FC2E4D2C3940D700FD33B2 /* ProtocolDetector.swift */,
			);
			path = Detector;
			sourceTree = "<group>";
		};
		46FC2E8D2C394B2C00FD33B2 /* Frameworks */ = {
			isa = PBXGroup;
			children = (
				468220EE2C3A3D4600CE5B84 /* NetworkExtension.framework */,
			);
			name = Frameworks;
			sourceTree = "<group>";
		};
/* End PBXGroup section */

/* Begin PBXHeadersBuildPhase section */
		46D31B732C421E3A00293C3A /* Headers */ = {
			isa = PBXHeadersBuildPhase;
			buildActionMask = 2147483647;
			files = (
				46D31B7B2C421E3A00293C3A /* ProxyService.h in Headers */,
			);
			runOnlyForDeploymentPostprocessing = 0;
		};
/* End PBXHeadersBuildPhase section */

/* Begin PBXNativeTarget section */
		468220EC2C3A3D4500CE5B84 /* PacketTunnel */ = {
			isa = PBXNativeTarget;
			buildConfigurationList = 468220FB2C3A3D4600CE5B84 /* Build configuration list for PBXNativeTarget "PacketTunnel" */;
			buildPhases = (
				468220E92C3A3D4500CE5B84 /* Sources */,
				468220EA2C3A3D4500CE5B84 /* Frameworks */,
				468220EB2C3A3D4500CE5B84 /* Resources */,
			);
			buildRules = (
			);
			dependencies = (
			);
			name = PacketTunnel;
			productName = PacketTunnel;
			productReference = 468220ED2C3A3D4500CE5B84 /* PacketTunnel.appex */;
			productType = "com.apple.product-type.app-extension";
		};
		46ABADB92BC5827A00EF3295 /* debugger */ = {
			isa = PBXNativeTarget;
			buildConfigurationList = 46ABADCB2BC5827B00EF3295 /* Build configuration list for PBXNativeTarget "debugger" */;
			buildPhases = (
				46ABADB62BC5827A00EF3295 /* Sources */,
				46ABADB72BC5827A00EF3295 /* Frameworks */,
				46ABADB82BC5827A00EF3295 /* Resources */,
				46FC2E442C393FA400FD33B2 /* Embed ExtensionKit Extensions */,
				468220F82C3A3D4600CE5B84 /* Embed Foundation Extensions */,
				46D31B832C421E3A00293C3A /* Embed Frameworks */,
			);
			buildRules = (
			);
			dependencies = (
				468220F62C3A3D4600CE5B84 /* PBXTargetDependency */,
				46D31B7D2C421E3A00293C3A /* PBXTargetDependency */,
			);
			name = debugger;
			packageProductDependencies = (
			);
			productName = debugger;
			productReference = 46ABADBA2BC5827A00EF3295 /* debugger.app */;
			productType = "com.apple.product-type.application";
		};
		46D31B772C421E3A00293C3A /* ProxyService */ = {
			isa = PBXNativeTarget;
			buildConfigurationList = 46D31B802C421E3A00293C3A /* Build configuration list for PBXNativeTarget "ProxyService" */;
			buildPhases = (
				46D31B732C421E3A00293C3A /* Headers */,
				46D31B742C421E3A00293C3A /* Sources */,
				46D31B752C421E3A00293C3A /* Frameworks */,
				46D31B762C421E3A00293C3A /* Resources */,
			);
			buildRules = (
			);
			dependencies = (
			);
			name = ProxyService;
			packageProductDependencies = (
				46D31B872C421E6800293C3A /* NIO */,
				46D31B892C421E6800293C3A /* NIOCore */,
				46D31B8B2C421E6800293C3A /* NIOEmbedded */,
				46D31B8D2C421E6800293C3A /* NIOFoundationCompat */,
				46D31B8F2C421E6800293C3A /* NIOHTTP1 */,
				46D31B912C421E6800293C3A /* NIOWebSocket */,
				46D31B932C421E6800293C3A /* NIOSSL */,
				46D31B952C421E6800293C3A /* SwiftyJSON */,
				46D31B972C421E6800293C3A /* Reachability */,
			);
			productName = ProxyService;
			productReference = 46D31B782C421E3A00293C3A /* ProxyService.framework */;
			productType = "com.apple.product-type.framework";
		};
/* End PBXNativeTarget section */

/* Begin PBXProject section */
		46ABADB22BC5827A00EF3295 /* Project object */ = {
			isa = PBXProject;
			attributes = {
				BuildIndependentTargetsInParallel = 1;
				LastSwiftUpdateCheck = 1540;
				LastUpgradeCheck = 1540;
				TargetAttributes = {
					468220EC2C3A3D4500CE5B84 = {
						CreatedOnToolsVersion = 15.4;
					};
					46ABADB92BC5827A00EF3295 = {
						CreatedOnToolsVersion = 15.1;
					};
					46D31B772C421E3A00293C3A = {
						CreatedOnToolsVersion = 15.4;
					};
				};
			};
			buildConfigurationList = 46ABADB52BC5827A00EF3295 /* Build configuration list for PBXProject "debugger" */;
			compatibilityVersion = "Xcode 14.0";
			developmentRegion = en;
			hasScannedForEncodings = 0;
			knownRegions = (
				en,
				Base,
			);
			mainGroup = 46ABADB12BC5827A00EF3295;
			packageReferences = (
				46FC2E812C39447E00FD33B2 /* XCRemoteSwiftPackageReference "swift-nio" */,
				46FC2E8A2C3944EF00FD33B2 /* XCRemoteSwiftPackageReference "swift-nio-ssl" */,
				46FC2E8E2C394C0300FD33B2 /* XCRemoteSwiftPackageReference "SwiftyJSON" */,
				46FC2E932C394C8500FD33B2 /* XCRemoteSwiftPackageReference "Reachability" */,
			);
			productRefGroup = 46ABADBB2BC5827A00EF3295 /* Products */;
			projectDirPath = "";
			projectRoot = "";
			targets = (
				46ABADB92BC5827A00EF3295 /* debugger */,
				468220EC2C3A3D4500CE5B84 /* PacketTunnel */,
				46D31B772C421E3A00293C3A /* ProxyService */,
			);
		};
/* End PBXProject section */

/* Begin PBXResourcesBuildPhase section */
		468220EB2C3A3D4500CE5B84 /* Resources */ = {
			isa = PBXResourcesBuildPhase;
			buildActionMask = 2147483647;
			files = (
			);
			runOnlyForDeploymentPostprocessing = 0;
		};
		46ABADB82BC5827A00EF3295 /* Resources */ = {
			isa = PBXResourcesBuildPhase;
			buildActionMask = 2147483647;
			files = (
				46ABADC82BC5827B00EF3295 /* Preview Assets.xcassets in Resources */,
				46ABADC42BC5827B00EF3295 /* Assets.xcassets in Resources */,
			);
			runOnlyForDeploymentPostprocessing = 0;
		};
		46D31B762C421E3A00293C3A /* Resources */ = {
			isa = PBXResourcesBuildPhase;
			buildActionMask = 2147483647;
			files = (
			);
			runOnlyForDeploymentPostprocessing = 0;
		};
/* End PBXResourcesBuildPhase section */

/* Begin PBXSourcesBuildPhase section */
		468220E92C3A3D4500CE5B84 /* Sources */ = {
			isa = PBXSourcesBuildPhase;
			buildActionMask = 2147483647;
			files = (
				468220F22C3A3D4600CE5B84 /* PacketTunnelProvider.swift in Sources */,
			);
			runOnlyForDeploymentPostprocessing = 0;
		};
		46ABADB62BC5827A00EF3295 /* Sources */ = {
			isa = PBXSourcesBuildPhase;
			buildActionMask = 2147483647;
			files = (
				46ABADC02BC5827A00EF3295 /* ContentView.swift in Sources */,
				469AD59B2BC7E111007C43C6 /* ItemListPage.swift in Sources */,
				46ABADC22BC5827A00EF3295 /* Item.swift in Sources */,
				467EB18F2BDBB07B00828795 /* Color.swift in Sources */,
				465C43A32BDF3E82002EFB48 /* ParamDetail.swift in Sources */,
				469AD5992BC7C370007C43C6 /* HistoryPage.swift in Sources */,
				467EB18A2BDBA91F00828795 /* DetailContent.swift in Sources */,
				46ABADBE2BC5827A00EF3295 /* debuggerApp.swift in Sources */,
				467EB18C2BDBAF7A00828795 /* HeaderDetail.swift in Sources */,
				465C43A52BDF3F02002EFB48 /* ResponseDetail.swift in Sources */,
				467EB1912BDBB41700828795 /* DetailTitle.swift in Sources */,
				469AD5962BC7BFBF007C43C6 /* HomePage.swift in Sources */,
				469AD59D2BC90EC8007C43C6 /* ItemDetailPage.swift in Sources */,
			);
			runOnlyForDeploymentPostprocessing = 0;
		};
		46D31B742C421E3A00293C3A /* Sources */ = {
			isa = PBXSourcesBuildPhase;
			buildActionMask = 2147483647;
			files = (
				46D31B992C421E8000293C3A /* ProxyRequest.swift in Sources */,
				46D31BAC2C421EB600293C3A /* Matcher.swift in Sources */,
				46D31BAF2C421EE800293C3A /* TaskRule.swift in Sources */,
				46D31B9F2C421E9100293C3A /* SSLHandler.swift in Sources */,
				46D31B9D2C421E8B00293C3A /* CertUtils.swift in Sources */,
				46D31B852C421E4900293C3A /* ProxyService.swift in Sources */,
				46D31BAD2C421EB900293C3A /* ProtocolDetector.swift in Sources */,
				46D31B9E2C421E8F00293C3A /* TunnelProxyHandler.swift in Sources */,
				46D31BA82C421EAA00293C3A /* Dictionary+Json.swift in Sources */,
				46D31BA62C421EA500293C3A /* Data+Gzip.swift in Sources */,
				46D31B9C2C421E8800293C3A /* JSONSerializer.swift in Sources */,
				46D31BAB2C421EB300293C3A /* HTTPSMatcher.swift in Sources */,
				46D31BA92C421EAC00293C3A /* String+Extension.swift in Sources */,
				46D31BAE2C421EE500293C3A /* Task.swift in Sources */,
				46D31BAA2C421EB000293C3A /* HTTPMatcher.swift in Sources */,
				46D31BA42C421E9F00293C3A /* ChannelWatchHandler.swift in Sources */,
				46D31B842C421E4900293C3A /* CheckCert.swift in Sources */,
				46D31BB02C421EEB00293C3A /* Session.swift in Sources */,
				46D31BA52C421EA200293C3A /* Data+Compression.swift in Sources */,
				46D31BA12C421E9700293C3A /* HTTPServerHandler.swift in Sources */,
				46D31B862C421E4900293C3A /* LocalService.swift in Sources */,
				46D31BA22C421E9900293C3A /* HTTPHandler.swift in Sources */,
				46D31BA02C421E9400293C3A /* HTTPSHandler.swift in Sources */,
				46D31BA32C421E9C00293C3A /* ExchangeHandler.swift in Sources */,
				46D31B9B2C421E8500293C3A /* NetworkInfo.swift in Sources */,
				46D31B9A2C421E8300293C3A /* ProxyContext.swift in Sources */,
				46D31BA72C421EA700293C3A /* Date+Extension.swift in Sources */,
			);
			runOnlyForDeploymentPostprocessing = 0;
		};
/* End PBXSourcesBuildPhase section */

/* Begin PBXTargetDependency section */
		468220F62C3A3D4600CE5B84 /* PBXTargetDependency */ = {
			isa = PBXTargetDependency;
			target = 468220EC2C3A3D4500CE5B84 /* PacketTunnel */;
			targetProxy = 468220F52C3A3D4600CE5B84 /* PBXContainerItemProxy */;
		};
		46D31B7D2C421E3A00293C3A /* PBXTargetDependency */ = {
			isa = PBXTargetDependency;
			target = 46D31B772C421E3A00293C3A /* ProxyService */;
			targetProxy = 46D31B7C2C421E3A00293C3A /* PBXContainerItemProxy */;
		};
/* End PBXTargetDependency section */

/* Begin XCBuildConfiguration section */
		468220F92C3A3D4600CE5B84 /* Debug */ = {
			isa = XCBuildConfiguration;
			buildSettings = {
				CODE_SIGN_ENTITLEMENTS = PacketTunnel/PacketTunnel.entitlements;
				CODE_SIGN_STYLE = Automatic;
				CURRENT_PROJECT_VERSION = 1;
				DEVELOPMENT_TEAM = FVLFR9QYGC;
				GENERATE_INFOPLIST_FILE = YES;
				INFOPLIST_FILE = PacketTunnel/Info.plist;
				INFOPLIST_KEY_CFBundleDisplayName = PacketTunnel;
				INFOPLIST_KEY_NSHumanReadableCopyright = "";
				IPHONEOS_DEPLOYMENT_TARGET = 17.5;
				LD_RUNPATH_SEARCH_PATHS = (
					"$(inherited)",
					"@executable_path/Frameworks",
					"@executable_path/../../Frameworks",
				);
				MARKETING_VERSION = 1.0;
				PRODUCT_BUNDLE_IDENTIFIER = mobi.iflow.app.debugger.PacketTunnel;
				PRODUCT_NAME = "$(TARGET_NAME)";
				SDKROOT = iphoneos;
				SKIP_INSTALL = YES;
				SWIFT_EMIT_LOC_STRINGS = YES;
				SWIFT_VERSION = 5.0;
				TARGETED_DEVICE_FAMILY = "1,2";
			};
			name = Debug;
		};
		468220FA2C3A3D4600CE5B84 /* Release */ = {
			isa = XCBuildConfiguration;
			buildSettings = {
				CODE_SIGN_ENTITLEMENTS = PacketTunnel/PacketTunnel.entitlements;
				CODE_SIGN_STYLE = Automatic;
				CURRENT_PROJECT_VERSION = 1;
				DEVELOPMENT_TEAM = FVLFR9QYGC;
				GENERATE_INFOPLIST_FILE = YES;
				INFOPLIST_FILE = PacketTunnel/Info.plist;
				INFOPLIST_KEY_CFBundleDisplayName = PacketTunnel;
				INFOPLIST_KEY_NSHumanReadableCopyright = "";
				IPHONEOS_DEPLOYMENT_TARGET = 17.5;
				LD_RUNPATH_SEARCH_PATHS = (
					"$(inherited)",
					"@executable_path/Frameworks",
					"@executable_path/../../Frameworks",
				);
				MARKETING_VERSION = 1.0;
				PRODUCT_BUNDLE_IDENTIFIER = mobi.iflow.app.debugger.PacketTunnel;
				PRODUCT_NAME = "$(TARGET_NAME)";
				SDKROOT = iphoneos;
				SKIP_INSTALL = YES;
				SWIFT_EMIT_LOC_STRINGS = YES;
				SWIFT_VERSION = 5.0;
				TARGETED_DEVICE_FAMILY = "1,2";
				VALIDATE_PRODUCT = YES;
			};
			name = Release;
		};
		46ABADC92BC5827B00EF3295 /* Debug */ = {
			isa = XCBuildConfiguration;
			buildSettings = {
				ALWAYS_SEARCH_USER_PATHS = NO;
				ASSETCATALOG_COMPILER_GENERATE_SWIFT_ASSET_SYMBOL_EXTENSIONS = YES;
				CLANG_ANALYZER_NONNULL = YES;
				CLANG_ANALYZER_NUMBER_OBJECT_CONVERSION = YES_AGGRESSIVE;
				CLANG_CXX_LANGUAGE_STANDARD = "gnu++20";
				CLANG_ENABLE_MODULES = YES;
				CLANG_ENABLE_OBJC_ARC = YES;
				CLANG_ENABLE_OBJC_WEAK = YES;
				CLANG_WARN_BLOCK_CAPTURE_AUTORELEASING = YES;
				CLANG_WARN_BOOL_CONVERSION = YES;
				CLANG_WARN_COMMA = YES;
				CLANG_WARN_CONSTANT_CONVERSION = YES;
				CLANG_WARN_DEPRECATED_OBJC_IMPLEMENTATIONS = YES;
				CLANG_WARN_DIRECT_OBJC_ISA_USAGE = YES_ERROR;
				CLANG_WARN_DOCUMENTATION_COMMENTS = YES;
				CLANG_WARN_EMPTY_BODY = YES;
				CLANG_WARN_ENUM_CONVERSION = YES;
				CLANG_WARN_INFINITE_RECURSION = YES;
				CLANG_WARN_INT_CONVERSION = YES;
				CLANG_WARN_NON_LITERAL_NULL_CONVERSION = YES;
				CLANG_WARN_OBJC_IMPLICIT_RETAIN_SELF = YES;
				CLANG_WARN_OBJC_LITERAL_CONVERSION = YES;
				CLANG_WARN_OBJC_ROOT_CLASS = YES_ERROR;
				CLANG_WARN_QUOTED_INCLUDE_IN_FRAMEWORK_HEADER = YES;
				CLANG_WARN_RANGE_LOOP_ANALYSIS = YES;
				CLANG_WARN_STRICT_PROTOTYPES = YES;
				CLANG_WARN_SUSPICIOUS_MOVE = YES;
				CLANG_WARN_UNGUARDED_AVAILABILITY = YES_AGGRESSIVE;
				CLANG_WARN_UNREACHABLE_CODE = YES;
				CLANG_WARN__DUPLICATE_METHOD_MATCH = YES;
				COPY_PHASE_STRIP = NO;
				DEAD_CODE_STRIPPING = YES;
				DEBUG_INFORMATION_FORMAT = dwarf;
				ENABLE_STRICT_OBJC_MSGSEND = YES;
				ENABLE_TESTABILITY = YES;
				ENABLE_USER_SCRIPT_SANDBOXING = YES;
				GCC_C_LANGUAGE_STANDARD = gnu17;
				GCC_DYNAMIC_NO_PIC = NO;
				GCC_NO_COMMON_BLOCKS = YES;
				GCC_OPTIMIZATION_LEVEL = 0;
				GCC_PREPROCESSOR_DEFINITIONS = (
					"DEBUG=1",
					"$(inherited)",
				);
				GCC_WARN_64_TO_32_BIT_CONVERSION = YES;
				GCC_WARN_ABOUT_RETURN_TYPE = YES_ERROR;
				GCC_WARN_UNDECLARED_SELECTOR = YES;
				GCC_WARN_UNINITIALIZED_AUTOS = YES_AGGRESSIVE;
				GCC_WARN_UNUSED_FUNCTION = YES;
				GCC_WARN_UNUSED_VARIABLE = YES;
				LOCALIZATION_PREFERS_STRING_CATALOGS = YES;
				MTL_ENABLE_DEBUG_INFO = INCLUDE_SOURCE;
				MTL_FAST_MATH = YES;
				ONLY_ACTIVE_ARCH = YES;
				SWIFT_ACTIVE_COMPILATION_CONDITIONS = "DEBUG $(inherited)";
				SWIFT_OPTIMIZATION_LEVEL = "-Onone";
			};
			name = Debug;
		};
		46ABADCA2BC5827B00EF3295 /* Release */ = {
			isa = XCBuildConfiguration;
			buildSettings = {
				ALWAYS_SEARCH_USER_PATHS = NO;
				ASSETCATALOG_COMPILER_GENERATE_SWIFT_ASSET_SYMBOL_EXTENSIONS = YES;
				CLANG_ANALYZER_NONNULL = YES;
				CLANG_ANALYZER_NUMBER_OBJECT_CONVERSION = YES_AGGRESSIVE;
				CLANG_CXX_LANGUAGE_STANDARD = "gnu++20";
				CLANG_ENABLE_MODULES = YES;
				CLANG_ENABLE_OBJC_ARC = YES;
				CLANG_ENABLE_OBJC_WEAK = YES;
				CLANG_WARN_BLOCK_CAPTURE_AUTORELEASING = YES;
				CLANG_WARN_BOOL_CONVERSION = YES;
				CLANG_WARN_COMMA = YES;
				CLANG_WARN_CONSTANT_CONVERSION = YES;
				CLANG_WARN_DEPRECATED_OBJC_IMPLEMENTATIONS = YES;
				CLANG_WARN_DIRECT_OBJC_ISA_USAGE = YES_ERROR;
				CLANG_WARN_DOCUMENTATION_COMMENTS = YES;
				CLANG_WARN_EMPTY_BODY = YES;
				CLANG_WARN_ENUM_CONVERSION = YES;
				CLANG_WARN_INFINITE_RECURSION = YES;
				CLANG_WARN_INT_CONVERSION = YES;
				CLANG_WARN_NON_LITERAL_NULL_CONVERSION = YES;
				CLANG_WARN_OBJC_IMPLICIT_RETAIN_SELF = YES;
				CLANG_WARN_OBJC_LITERAL_CONVERSION = YES;
				CLANG_WARN_OBJC_ROOT_CLASS = YES_ERROR;
				CLANG_WARN_QUOTED_INCLUDE_IN_FRAMEWORK_HEADER = YES;
				CLANG_WARN_RANGE_LOOP_ANALYSIS = YES;
				CLANG_WARN_STRICT_PROTOTYPES = YES;
				CLANG_WARN_SUSPICIOUS_MOVE = YES;
				CLANG_WARN_UNGUARDED_AVAILABILITY = YES_AGGRESSIVE;
				CLANG_WARN_UNREACHABLE_CODE = YES;
				CLANG_WARN__DUPLICATE_METHOD_MATCH = YES;
				COPY_PHASE_STRIP = NO;
				DEAD_CODE_STRIPPING = YES;
				DEBUG_INFORMATION_FORMAT = "dwarf-with-dsym";
				ENABLE_NS_ASSERTIONS = NO;
				ENABLE_STRICT_OBJC_MSGSEND = YES;
				ENABLE_USER_SCRIPT_SANDBOXING = YES;
				GCC_C_LANGUAGE_STANDARD = gnu17;
				GCC_NO_COMMON_BLOCKS = YES;
				GCC_WARN_64_TO_32_BIT_CONVERSION = YES;
				GCC_WARN_ABOUT_RETURN_TYPE = YES_ERROR;
				GCC_WARN_UNDECLARED_SELECTOR = YES;
				GCC_WARN_UNINITIALIZED_AUTOS = YES_AGGRESSIVE;
				GCC_WARN_UNUSED_FUNCTION = YES;
				GCC_WARN_UNUSED_VARIABLE = YES;
				LOCALIZATION_PREFERS_STRING_CATALOGS = YES;
				MTL_ENABLE_DEBUG_INFO = NO;
				MTL_FAST_MATH = YES;
				SWIFT_COMPILATION_MODE = wholemodule;
			};
			name = Release;
		};
		46ABADCC2BC5827B00EF3295 /* Debug */ = {
			isa = XCBuildConfiguration;
			buildSettings = {
				ALWAYS_EMBED_SWIFT_STANDARD_LIBRARIES = YES;
				ASSETCATALOG_COMPILER_APPICON_NAME = AppIcon;
				ASSETCATALOG_COMPILER_GLOBAL_ACCENT_COLOR_NAME = AccentColor;
				CODE_SIGN_ENTITLEMENTS = debugger/debugger.entitlements;
				CODE_SIGN_STYLE = Automatic;
				CURRENT_PROJECT_VERSION = 1;
				DEAD_CODE_STRIPPING = YES;
				DEVELOPMENT_ASSET_PATHS = "\"debugger/Preview Content\"";
				DEVELOPMENT_TEAM = FVLFR9QYGC;
				ENABLE_HARDENED_RUNTIME = YES;
				ENABLE_PREVIEWS = YES;
				GENERATE_INFOPLIST_FILE = YES;
				INFOPLIST_KEY_CFBundleDisplayName = iFlow;
				"INFOPLIST_KEY_UIApplicationSceneManifest_Generation[sdk=iphoneos*]" = YES;
				"INFOPLIST_KEY_UIApplicationSceneManifest_Generation[sdk=iphonesimulator*]" = YES;
				"INFOPLIST_KEY_UIApplicationSupportsIndirectInputEvents[sdk=iphoneos*]" = YES;
				"INFOPLIST_KEY_UIApplicationSupportsIndirectInputEvents[sdk=iphonesimulator*]" = YES;
				"INFOPLIST_KEY_UILaunchScreen_Generation[sdk=iphoneos*]" = YES;
				"INFOPLIST_KEY_UILaunchScreen_Generation[sdk=iphonesimulator*]" = YES;
				"INFOPLIST_KEY_UIStatusBarStyle[sdk=iphoneos*]" = UIStatusBarStyleDefault;
				"INFOPLIST_KEY_UIStatusBarStyle[sdk=iphonesimulator*]" = UIStatusBarStyleDefault;
				INFOPLIST_KEY_UISupportedInterfaceOrientations_iPad = "UIInterfaceOrientationPortrait UIInterfaceOrientationPortraitUpsideDown UIInterfaceOrientationLandscapeLeft UIInterfaceOrientationLandscapeRight";
				INFOPLIST_KEY_UISupportedInterfaceOrientations_iPhone = "UIInterfaceOrientationPortrait UIInterfaceOrientationLandscapeLeft UIInterfaceOrientationLandscapeRight";
				IPHONEOS_DEPLOYMENT_TARGET = 17.2;
				LD_RUNPATH_SEARCH_PATHS = "@executable_path/Frameworks";
				"LD_RUNPATH_SEARCH_PATHS[sdk=macosx*]" = "@executable_path/../Frameworks";
				MACOSX_DEPLOYMENT_TARGET = 14.0;
				MARKETING_VERSION = 1.0;
				PRODUCT_BUNDLE_IDENTIFIER = mobi.iflow.app.debugger;
				PRODUCT_NAME = "$(TARGET_NAME)";
				SDKROOT = auto;
				SUPPORTED_PLATFORMS = "iphoneos iphonesimulator";
				SUPPORTS_MACCATALYST = NO;
				SWIFT_EMIT_LOC_STRINGS = YES;
				SWIFT_VERSION = 5.0;
				TARGETED_DEVICE_FAMILY = "1,2";
			};
			name = Debug;
		};
		46ABADCD2BC5827B00EF3295 /* Release */ = {
			isa = XCBuildConfiguration;
			buildSettings = {
				ALWAYS_EMBED_SWIFT_STANDARD_LIBRARIES = YES;
				ASSETCATALOG_COMPILER_APPICON_NAME = AppIcon;
				ASSETCATALOG_COMPILER_GLOBAL_ACCENT_COLOR_NAME = AccentColor;
				CODE_SIGN_ENTITLEMENTS = debugger/debugger.entitlements;
				CODE_SIGN_STYLE = Automatic;
				CURRENT_PROJECT_VERSION = 1;
				DEAD_CODE_STRIPPING = YES;
				DEVELOPMENT_ASSET_PATHS = "\"debugger/Preview Content\"";
				DEVELOPMENT_TEAM = FVLFR9QYGC;
				ENABLE_HARDENED_RUNTIME = YES;
				ENABLE_PREVIEWS = YES;
				GENERATE_INFOPLIST_FILE = YES;
				INFOPLIST_KEY_CFBundleDisplayName = iFlow;
				"INFOPLIST_KEY_UIApplicationSceneManifest_Generation[sdk=iphoneos*]" = YES;
				"INFOPLIST_KEY_UIApplicationSceneManifest_Generation[sdk=iphonesimulator*]" = YES;
				"INFOPLIST_KEY_UIApplicationSupportsIndirectInputEvents[sdk=iphoneos*]" = YES;
				"INFOPLIST_KEY_UIApplicationSupportsIndirectInputEvents[sdk=iphonesimulator*]" = YES;
				"INFOPLIST_KEY_UILaunchScreen_Generation[sdk=iphoneos*]" = YES;
				"INFOPLIST_KEY_UILaunchScreen_Generation[sdk=iphonesimulator*]" = YES;
				"INFOPLIST_KEY_UIStatusBarStyle[sdk=iphoneos*]" = UIStatusBarStyleDefault;
				"INFOPLIST_KEY_UIStatusBarStyle[sdk=iphonesimulator*]" = UIStatusBarStyleDefault;
				INFOPLIST_KEY_UISupportedInterfaceOrientations_iPad = "UIInterfaceOrientationPortrait UIInterfaceOrientationPortraitUpsideDown UIInterfaceOrientationLandscapeLeft UIInterfaceOrientationLandscapeRight";
				INFOPLIST_KEY_UISupportedInterfaceOrientations_iPhone = "UIInterfaceOrientationPortrait UIInterfaceOrientationLandscapeLeft UIInterfaceOrientationLandscapeRight";
				IPHONEOS_DEPLOYMENT_TARGET = 17.2;
				LD_RUNPATH_SEARCH_PATHS = "@executable_path/Frameworks";
				"LD_RUNPATH_SEARCH_PATHS[sdk=macosx*]" = "@executable_path/../Frameworks";
				MACOSX_DEPLOYMENT_TARGET = 14.0;
				MARKETING_VERSION = 1.0;
				PRODUCT_BUNDLE_IDENTIFIER = mobi.iflow.app.debugger;
				PRODUCT_NAME = "$(TARGET_NAME)";
				SDKROOT = auto;
				SUPPORTED_PLATFORMS = "iphoneos iphonesimulator";
				SUPPORTS_MACCATALYST = NO;
				SWIFT_EMIT_LOC_STRINGS = YES;
				SWIFT_VERSION = 5.0;
				TARGETED_DEVICE_FAMILY = "1,2";
			};
			name = Release;
		};
		46D31B812C421E3A00293C3A /* Debug */ = {
			isa = XCBuildConfiguration;
			buildSettings = {
				BUILD_LIBRARY_FOR_DISTRIBUTION = NO;
				CODE_SIGN_STYLE = Automatic;
				CURRENT_PROJECT_VERSION = 1;
				DEFINES_MODULE = YES;
				DEVELOPMENT_TEAM = FVLFR9QYGC;
				DYLIB_COMPATIBILITY_VERSION = 1;
				DYLIB_CURRENT_VERSION = 1;
				DYLIB_INSTALL_NAME_BASE = "@rpath";
				ENABLE_MODULE_VERIFIER = YES;
				GENERATE_INFOPLIST_FILE = YES;
				INFOPLIST_KEY_NSHumanReadableCopyright = "";
				INSTALL_PATH = "$(LOCAL_LIBRARY_DIR)/Frameworks";
				IPHONEOS_DEPLOYMENT_TARGET = 17.1;
				LD_RUNPATH_SEARCH_PATHS = (
					"$(inherited)",
					"@executable_path/Frameworks",
					"@loader_path/Frameworks",
				);
				MARKETING_VERSION = 1.0;
				MODULE_VERIFIER_SUPPORTED_LANGUAGES = "objective-c objective-c++";
				MODULE_VERIFIER_SUPPORTED_LANGUAGE_STANDARDS = "gnu17 gnu++20";
				PRODUCT_BUNDLE_IDENTIFIER = mobi.iflow.app.ProxyService;
				PRODUCT_NAME = "$(TARGET_NAME:c99extidentifier)";
				SDKROOT = iphoneos;
				SKIP_INSTALL = YES;
				SWIFT_EMIT_LOC_STRINGS = YES;
				SWIFT_INSTALL_OBJC_HEADER = NO;
				SWIFT_VERSION = 5.0;
				TARGETED_DEVICE_FAMILY = "1,2";
				VERSIONING_SYSTEM = "apple-generic";
				VERSION_INFO_PREFIX = "";
			};
			name = Debug;
		};
		46D31B822C421E3A00293C3A /* Release */ = {
			isa = XCBuildConfiguration;
			buildSettings = {
				BUILD_LIBRARY_FOR_DISTRIBUTION = NO;
				CODE_SIGN_STYLE = Automatic;
				CURRENT_PROJECT_VERSION = 1;
				DEFINES_MODULE = YES;
				DEVELOPMENT_TEAM = FVLFR9QYGC;
				DYLIB_COMPATIBILITY_VERSION = 1;
				DYLIB_CURRENT_VERSION = 1;
				DYLIB_INSTALL_NAME_BASE = "@rpath";
				ENABLE_MODULE_VERIFIER = YES;
				GENERATE_INFOPLIST_FILE = YES;
				INFOPLIST_KEY_NSHumanReadableCopyright = "";
				INSTALL_PATH = "$(LOCAL_LIBRARY_DIR)/Frameworks";
				IPHONEOS_DEPLOYMENT_TARGET = 17.1;
				LD_RUNPATH_SEARCH_PATHS = (
					"$(inherited)",
					"@executable_path/Frameworks",
					"@loader_path/Frameworks",
				);
				MARKETING_VERSION = 1.0;
				MODULE_VERIFIER_SUPPORTED_LANGUAGES = "objective-c objective-c++";
				MODULE_VERIFIER_SUPPORTED_LANGUAGE_STANDARDS = "gnu17 gnu++20";
				PRODUCT_BUNDLE_IDENTIFIER = mobi.iflow.app.ProxyService;
				PRODUCT_NAME = "$(TARGET_NAME:c99extidentifier)";
				SDKROOT = iphoneos;
				SKIP_INSTALL = YES;
				SWIFT_EMIT_LOC_STRINGS = YES;
				SWIFT_INSTALL_OBJC_HEADER = NO;
				SWIFT_VERSION = 5.0;
				TARGETED_DEVICE_FAMILY = "1,2";
				VALIDATE_PRODUCT = YES;
				VERSIONING_SYSTEM = "apple-generic";
				VERSION_INFO_PREFIX = "";
			};
			name = Release;
		};
/* End XCBuildConfiguration section */

/* Begin XCConfigurationList section */
		468220FB2C3A3D4600CE5B84 /* Build configuration list for PBXNativeTarget "PacketTunnel" */ = {
			isa = XCConfigurationList;
			buildConfigurations = (
				468220F92C3A3D4600CE5B84 /* Debug */,
				468220FA2C3A3D4600CE5B84 /* Release */,
			);
			defaultConfigurationIsVisible = 0;
			defaultConfigurationName = Release;
		};
		46ABADB52BC5827A00EF3295 /* Build configuration list for PBXProject "debugger" */ = {
			isa = XCConfigurationList;
			buildConfigurations = (
				46ABADC92BC5827B00EF3295 /* Debug */,
				46ABADCA2BC5827B00EF3295 /* Release */,
			);
			defaultConfigurationIsVisible = 0;
			defaultConfigurationName = Release;
		};
		46ABADCB2BC5827B00EF3295 /* Build configuration list for PBXNativeTarget "debugger" */ = {
			isa = XCConfigurationList;
			buildConfigurations = (
				46ABADCC2BC5827B00EF3295 /* Debug */,
				46ABADCD2BC5827B00EF3295 /* Release */,
			);
			defaultConfigurationIsVisible = 0;
			defaultConfigurationName = Release;
		};
		46D31B802C421E3A00293C3A /* Build configuration list for PBXNativeTarget "ProxyService" */ = {
			isa = XCConfigurationList;
			buildConfigurations = (
				46D31B812C421E3A00293C3A /* Debug */,
				46D31B822C421E3A00293C3A /* Release */,
			);
			defaultConfigurationIsVisible = 0;
			defaultConfigurationName = Release;
		};
/* End XCConfigurationList section */

/* Begin XCRemoteSwiftPackageReference section */
		46FC2E812C39447E00FD33B2 /* XCRemoteSwiftPackageReference "swift-nio" */ = {
			isa = XCRemoteSwiftPackageReference;
			repositoryURL = "https://github.com/apple/swift-nio.git";
			requirement = {
				kind = upToNextMajorVersion;
				minimumVersion = 2.68.0;
			};
		};
		46FC2E8A2C3944EF00FD33B2 /* XCRemoteSwiftPackageReference "swift-nio-ssl" */ = {
			isa = XCRemoteSwiftPackageReference;
			repositoryURL = "https://github.com/apple/swift-nio-ssl.git";
			requirement = {
				kind = upToNextMajorVersion;
				minimumVersion = 2.27.0;
			};
		};
		46FC2E8E2C394C0300FD33B2 /* XCRemoteSwiftPackageReference "SwiftyJSON" */ = {
			isa = XCRemoteSwiftPackageReference;
			repositoryURL = "https://github.com/SwiftyJSON/SwiftyJSON.git";
			requirement = {
				kind = upToNextMajorVersion;
				minimumVersion = 5.0.2;
			};
		};
		46FC2E932C394C8500FD33B2 /* XCRemoteSwiftPackageReference "Reachability" */ = {
			isa = XCRemoteSwiftPackageReference;
			repositoryURL = "https://github.com/tonymillion/Reachability";
			requirement = {
				kind = upToNextMajorVersion;
				minimumVersion = 3.7.5;
			};
		};
/* End XCRemoteSwiftPackageReference section */

/* Begin XCSwiftPackageProductDependency section */
		46D31B872C421E6800293C3A /* NIO */ = {
			isa = XCSwiftPackageProductDependency;
			package = 46FC2E812C39447E00FD33B2 /* XCRemoteSwiftPackageReference "swift-nio" */;
			productName = NIO;
		};
		46D31B892C421E6800293C3A /* NIOCore */ = {
			isa = XCSwiftPackageProductDependency;
			package = 46FC2E812C39447E00FD33B2 /* XCRemoteSwiftPackageReference "swift-nio" */;
			productName = NIOCore;
		};
		46D31B8B2C421E6800293C3A /* NIOEmbedded */ = {
			isa = XCSwiftPackageProductDependency;
			package = 46FC2E812C39447E00FD33B2 /* XCRemoteSwiftPackageReference "swift-nio" */;
			productName = NIOEmbedded;
		};
		46D31B8D2C421E6800293C3A /* NIOFoundationCompat */ = {
			isa = XCSwiftPackageProductDependency;
			package = 46FC2E812C39447E00FD33B2 /* XCRemoteSwiftPackageReference "swift-nio" */;
			productName = NIOFoundationCompat;
		};
		46D31B8F2C421E6800293C3A /* NIOHTTP1 */ = {
			isa = XCSwiftPackageProductDependency;
			package = 46FC2E812C39447E00FD33B2 /* XCRemoteSwiftPackageReference "swift-nio" */;
			productName = NIOHTTP1;
		};
		46D31B912C421E6800293C3A /* NIOWebSocket */ = {
			isa = XCSwiftPackageProductDependency;
			package = 46FC2E812C39447E00FD33B2 /* XCRemoteSwiftPackageReference "swift-nio" */;
			productName = NIOWebSocket;
		};
		46D31B932C421E6800293C3A /* NIOSSL */ = {
			isa = XCSwiftPackageProductDependency;
			package = 46FC2E8A2C3944EF00FD33B2 /* XCRemoteSwiftPackageReference "swift-nio-ssl" */;
			productName = NIOSSL;
		};
		46D31B952C421E6800293C3A /* SwiftyJSON */ = {
			isa = XCSwiftPackageProductDependency;
			package = 46FC2E8E2C394C0300FD33B2 /* XCRemoteSwiftPackageReference "SwiftyJSON" */;
			productName = SwiftyJSON;
		};
		46D31B972C421E6800293C3A /* Reachability */ = {
			isa = XCSwiftPackageProductDependency;
			package = 46FC2E932C394C8500FD33B2 /* XCRemoteSwiftPackageReference "Reachability" */;
			productName = Reachability;
		};
/* End XCSwiftPackageProductDependency section */
	};
	rootObject = 46ABADB22BC5827A00EF3295 /* Project object */;
}
